{
  "name": "react-app-rewire-idx",
  "version": "1.0.0",
  "lockfileVersion": 1,
  "requires": true,
  "dependencies": {
    "babel-plugin-idx": {
      "version": "2.2.0",
      "resolved": "https://registry.npmjs.org/babel-plugin-idx/-/babel-plugin-idx-2.2.0.tgz",
      "integrity": "sha512-d4XIZ3yNvJVeOEtqGh9rciTgqv3WxIA1opjCQ8KU5miFz8/SDWy+anB3+pe20yOvInmoyMWDTywgzoH8u3UvFA=="
    }
  }
}
